// !$*UTF8*$!
{
	archiveVersion = 1;
	classes = {
	};
	objectVersion = 50;
	objects = {

/* Begin PBXBuildFile section */
		97F39C9C24150065008D807B /* AppDelegate.swift in Sources */ = {isa = PBXBuildFile; fileRef = 97F39C9B24150065008D807B /* AppDelegate.swift */; };
		97F39C9E24150065008D807B /* SceneDelegate.swift in Sources */ = {isa = PBXBuildFile; fileRef = 97F39C9D24150065008D807B /* SceneDelegate.swift */; };
		97F39CA024150065008D807B /* AuthorisationVC.swift in Sources */ = {isa = PBXBuildFile; fileRef = 97F39C9F24150065008D807B /* AuthorisationVC.swift */; };
		97F39CA324150065008D807B /* Main.storyboard in Resources */ = {isa = PBXBuildFile; fileRef = 97F39CA124150065008D807B /* Main.storyboard */; };
		97F39CA524150066008D807B /* Assets.xcassets in Resources */ = {isa = PBXBuildFile; fileRef = 97F39CA424150066008D807B /* Assets.xcassets */; };
		97F39CA824150066008D807B /* LaunchScreen.storyboard in Resources */ = {isa = PBXBuildFile; fileRef = 97F39CA624150066008D807B /* LaunchScreen.storyboard */; };
		97F39CB524150B6B008D807B /* User.swift in Sources */ = {isa = PBXBuildFile; fileRef = 97F39CB424150B6B008D807B /* User.swift */; };
		97F39CB7241522A0008D807B /* WelcomeVC.swift in Sources */ = {isa = PBXBuildFile; fileRef = 97F39CB6241522A0008D807B /* WelcomeVC.swift */; };
		97F39CB9241522B3008D807B /* AboutVC.swift in Sources */ = {isa = PBXBuildFile; fileRef = 97F39CB8241522B3008D807B /* AboutVC.swift */; };
/* End PBXBuildFile section */

/* Begin PBXFileReference section */
		97F39C9824150065008D807B /* AuthorizationApp.app */ = {isa = PBXFileReference; explicitFileType = wrapper.application; includeInIndex = 0; path = AuthorizationApp.app; sourceTree = BUILT_PRODUCTS_DIR; };
		97F39C9B24150065008D807B /* AppDelegate.swift */ = {isa = PBXFileReference; lastKnownFileType = sourcecode.swift; path = AppDelegate.swift; sourceTree = "<group>"; };
		97F39C9D24150065008D807B /* SceneDelegate.swift */ = {isa = PBXFileReference; lastKnownFileType = sourcecode.swift; path = SceneDelegate.swift; sourceTree = "<group>"; };
		97F39C9F24150065008D807B /* AuthorisationVC.swift */ = {isa = PBXFileReference; lastKnownFileType = sourcecode.swift; path = AuthorisationVC.swift; sourceTree = "<group>"; };
		97F39CA224150065008D807B /* Base */ = {isa = PBXFileReference; lastKnownFileType = file.storyboard; name = Base; path = Base.lproj/Main.storyboard; sourceTree = "<group>"; };
		97F39CA424150066008D807B /* Assets.xcassets */ = {isa = PBXFileReference; lastKnownFileType = folder.assetcatalog; path = Assets.xcassets; sourceTree = "<group>"; };
		97F39CA724150066008D807B /* Base */ = {isa = PBXFileReference; lastKnownFileType = file.storyboard; name = Base; path = Base.lproj/LaunchScreen.storyboard; sourceTree = "<group>"; };
		97F39CA924150066008D807B /* Info.plist */ = {isa = PBXFileReference; lastKnownFileType = text.plist.xml; path = Info.plist; sourceTree = "<group>"; };
		97F39CB424150B6B008D807B /* User.swift */ = {isa = PBXFileReference; lastKnownFileType = sourcecode.swift; path = User.swift; sourceTree = "<group>"; };
		97F39CB6241522A0008D807B /* WelcomeVC.swift */ = {isa = PBXFileReference; lastKnownFileType = sourcecode.swift; path = WelcomeVC.swift; sourceTree = "<group>"; };
		97F39CB8241522B3008D807B /* AboutVC.swift */ = {isa = PBXFileReference; lastKnownFileType = sourcecode.swift; path = AboutVC.swift; sourceTree = "<group>"; };
/* End PBXFileReference section */

/* Begin PBXFrameworksBuildPhase section */
		97F39C9524150065008D807B /* Frameworks */ = {
			isa = PBXFrameworksBuildPhase;
			buildActionMask = 2147483647;
			files = (
			);
			runOnlyForDeploymentPostprocessing = 0;
		};
/* End PBXFrameworksBuildPhase section */

/* Begin PBXGroup section */
		97F39C8F24150065008D807B = {
			isa = PBXGroup;
			children = (
				97F39C9A24150065008D807B /* AuthorizationApp */,
				97F39C9924150065008D807B /* Products */,
			);
			sourceTree = "<group>";
		};
		97F39C9924150065008D807B /* Products */ = {
			isa = PBXGroup;
			children = (
				97F39C9824150065008D807B /* AuthorizationApp.app */,
			);
			name = Products;
			sourceTree = "<group>";
		};
		97F39C9A24150065008D807B /* AuthorizationApp */ = {
			isa = PBXGroup;
			children = (
				97F39CB3241502CF008D807B /* Models */,
				97F39CAF24150135008D807B /* SupportingFiles */,
				97F39CB12415021A008D807B /* ViewControllers */,
				97F39CB02415014F008D807B /* Storyboards */,
				97F39CB2241502BD008D807B /* Sourse */,
			);
			path = AuthorizationApp;
			sourceTree = "<group>";
		};
		97F39CAF24150135008D807B /* SupportingFiles */ = {
			isa = PBXGroup;
			children = (
				97F39C9B24150065008D807B /* AppDelegate.swift */,
				97F39C9D24150065008D807B /* SceneDelegate.swift */,
				97F39CA924150066008D807B /* Info.plist */,
			);
			path = SupportingFiles;
			sourceTree = "<group>";
		};
		97F39CB02415014F008D807B /* Storyboards */ = {
			isa = PBXGroup;
			children = (
				97F39CA124150065008D807B /* Main.storyboard */,
				97F39CA624150066008D807B /* LaunchScreen.storyboard */,
			);
			path = Storyboards;
			sourceTree = "<group>";
		};
		97F39CB12415021A008D807B /* ViewControllers */ = {
			isa = PBXGroup;
			children = (
				97F39C9F24150065008D807B /* AuthorisationVC.swift */,
				97F39CB6241522A0008D807B /* WelcomeVC.swift */,
				97F39CB8241522B3008D807B /* AboutVC.swift */,
			);
			path = ViewControllers;
			sourceTree = "<group>";
		};
		97F39CB2241502BD008D807B /* Sourse */ = {
			isa = PBXGroup;
			children = (
				97F39CA424150066008D807B /* Assets.xcassets */,
			);
			path = Sourse;
			sourceTree = "<group>";
		};
		97F39CB3241502CF008D807B /* Models */ = {
			isa = PBXGroup;
			children = (
				97F39CB424150B6B008D807B /* User.swift */,
			);
			path = Models;
			sourceTree = "<group>";
		};
/* End PBXGroup section */

/* Begin PBXNativeTarget section */
		97F39C9724150065008D807B /* AuthorizationApp */ = {
			isa = PBXNativeTarget;
			buildConfigurationList = 97F39CAC24150066008D807B /* Build configuration list for PBXNativeTarget "AuthorizationApp" */;
			buildPhases = (
				97F39C9424150065008D807B /* Sources */,
				97F39C9524150065008D807B /* Frameworks */,
				97F39C9624150065008D807B /* Resources */,
			);
			buildRules = (
			);
			dependencies = (
			);
			name = AuthorizationApp;
			productName = AuthorizationApp;
			productReference = 97F39C9824150065008D807B /* AuthorizationApp.app */;
			productType = "com.apple.product-type.application";
		};
/* End PBXNativeTarget section */

/* Begin PBXProject section */
		97F39C9024150065008D807B /* Project object */ = {
			isa = PBXProject;
			attributes = {
				LastSwiftUpdateCheck = 1130;
				LastUpgradeCheck = 1130;
				ORGANIZATIONNAME = "Mikhail Malyshev";
				TargetAttributes = {
					97F39C9724150065008D807B = {
						CreatedOnToolsVersion = 11.3.1;
					};
				};
			};
			buildConfigurationList = 97F39C9324150065008D807B /* Build configuration list for PBXProject "AuthorizationApp" */;
			compatibilityVersion = "Xcode 9.3";
			developmentRegion = en;
			hasScannedForEncodings = 0;
			knownRegions = (
				en,
				Base,
			);
			mainGroup = 97F39C8F24150065008D807B;
			productRefGroup = 97F39C9924150065008D807B /* Products */;
			projectDirPath = "";
			projectRoot = "";
			targets = (
				97F39C9724150065008D807B /* AuthorizationApp */,
			);
		};
/* End PBXProject section */

/* Begin PBXResourcesBuildPhase section */
		97F39C9624150065008D807B /* Resources */ = {
			isa = PBXResourcesBuildPhase;
			buildActionMask = 2147483647;
			files = (
				97F39CA824150066008D807B /* LaunchScreen.storyboard in Resources */,
				97F39CA524150066008D807B /* Assets.xcassets in Resources */,
				97F39CA324150065008D807B /* Main.storyboard in Resources */,
			);
			runOnlyForDeploymentPostprocessing = 0;
		};
/* End PBXResourcesBuildPhase section */

/* Begin PBXSourcesBuildPhase section */
		97F39C9424150065008D807B /* Sources */ = {
			isa = PBXSourcesBuildPhase;
			buildActionMask = 2147483647;
			files = (
				97F39CB524150B6B008D807B /* User.swift in Sources */,
				97F39CB7241522A0008D807B /* WelcomeVC.swift in Sources */,
				97F39CB9241522B3008D807B /* AboutVC.swift in Sources */,
				97F39CA024150065008D807B /* AuthorisationVC.swift in Sources */,
				97F39C9C24150065008D807B /* AppDelegate.swift in Sources */,
				97F39C9E24150065008D807B /* SceneDelegate.swift in Sources */,
			);
			runOnlyForDeploymentPostprocessing = 0;
		};
/* End PBXSourcesBuildPhase section */

/* Begin PBXVariantGroup section */
		97F39CA124150065008D807B /* Main.storyboard */ = {
			isa = PBXVariantGroup;
			children = (
				97F39CA224150065008D807B /* Base */,
			);
			name = Main.storyboard;
			sourceTree = "<group>";
		};
		97F39CA624150066008D807B /* LaunchScreen.storyboard */ = {
			isa = PBXVariantGroup;
			children = (
				97F39CA724150066008D807B /* Base */,
			);
			name = LaunchScreen.storyboard;
			sourceTree = "<group>";
		};
/* End PBXVariantGroup section */

/* Begin XCBuildConfiguration section */
		97F39CAA24150066008D807B /* Debug */ = {
			isa = XCBuildConfiguration;
			buildSettings = {
				ALWAYS_SEARCH_USER_PATHS = NO;
				CLANG_ANALYZER_NONNULL = YES;
				CLANG_ANALYZER_NUMBER_OBJECT_CONVERSION = YES_AGGRESSIVE;
				CLANG_CXX_LANGUAGE_STANDARD = "gnu++14";
				CLANG_CXX_LIBRARY = "libc++";
				CLANG_ENABLE_MODULES = YES;
				CLANG_ENABLE_OBJC_ARC = YES;
				CLANG_ENABLE_OBJC_WEAK = YES;
				CLANG_WARN_BLOCK_CAPTURE_AUTORELEASING = YES;
				CLANG_WARN_BOOL_CONVERSION = YES;
				CLANG_WARN_COMMA = YES;
				CLANG_WARN_CONSTANT_CONVERSION = YES;
				CLANG_WARN_DEPRECATED_OBJC_IMPLEMENTATIONS = YES;
				CLANG_WARN_DIRECT_OBJC_ISA_USAGE = YES_ERROR;
				CLANG_WARN_DOCUMENTATION_COMMENTS = YES;
				CLANG_WARN_EMPTY_BODY = YES;
				CLANG_WARN_ENUM_CONVERSION = YES;
				CLANG_WARN_INFINITE_RECURSION = YES;
				CLANG_WARN_INT_CONVERSION = YES;
				CLANG_WARN_NON_LITERAL_NULL_CONVERSION = YES;
				CLANG_WARN_OBJC_IMPLICIT_RETAIN_SELF = YES;
				CLANG_WARN_OBJC_LITERAL_CONVERSION = YES;
				CLANG_WARN_OBJC_ROOT_CLASS = YES_ERROR;
				CLANG_WARN_RANGE_LOOP_ANALYSIS = YES;
				CLANG_WARN_STRICT_PROTOTYPES = YES;
				CLANG_WARN_SUSPICIOUS_MOVE = YES;
				CLANG_WARN_UNGUARDED_AVAILABILITY = YES_AGGRESSIVE;
				CLANG_WARN_UNREACHABLE_CODE = YES;
				CLANG_WARN__DUPLICATE_METHOD_MATCH = YES;
				COPY_PHASE_STRIP = NO;
				DEBUG_INFORMATION_FORMAT = dwarf;
				ENABLE_STRICT_OBJC_MSGSEND = YES;
				ENABLE_TESTABILITY = YES;
				GCC_C_LANGUAGE_STANDARD = gnu11;
				GCC_DYNAMIC_NO_PIC = NO;
				GCC_NO_COMMON_BLOCKS = YES;
				GCC_OPTIMIZATION_LEVEL = 0;
				GCC_PREPROCESSOR_DEFINITIONS = (
					"DEBUG=1",
					"$(inherited)",
				);
				GCC_WARN_64_TO_32_BIT_CONVERSION = YES;
				GCC_WARN_ABOUT_RETURN_TYPE = YES_ERROR;
				GCC_WARN_UNDECLARED_SELECTOR = YES;
				GCC_WARN_UNINITIALIZED_AUTOS = YES_AGGRESSIVE;
				GCC_WARN_UNUSED_FUNCTION = YES;
				GCC_WARN_UNUSED_VARIABLE = YES;
				IPHONEOS_DEPLOYMENT_TARGET = 13.2;
				MTL_ENABLE_DEBUG_INFO = INCLUDE_SOURCE;
				MTL_FAST_MATH = YES;
				ONLY_ACTIVE_ARCH = YES;
				SDKROOT = iphoneos;
				SWIFT_ACTIVE_COMPILATION_CONDITIONS = DEBUG;
				SWIFT_OPTIMIZATION_LEVEL = "-Onone";
			};
			name = Debug;
		};
		97F39CAB24150066008D807B /* Release */ = {
			isa = XCBuildConfiguration;
			buildSettings = {
				ALWAYS_SEARCH_USER_PATHS = NO;
				CLANG_ANALYZER_NONNULL = YES;
				CLANG_ANALYZER_NUMBER_OBJECT_CONVERSION = YES_AGGRESSIVE;
				CLANG_CXX_LANGUAGE_STANDARD = "gnu++14";
				CLANG_CXX_LIBRARY = "libc++";
				CLANG_ENABLE_MODULES = YES;
				CLANG_ENABLE_OBJC_ARC = YES;
				CLANG_ENABLE_OBJC_WEAK = YES;
				CLANG_WARN_BLOCK_CAPTURE_AUTORELEASING = YES;
				CLANG_WARN_BOOL_CONVERSION = YES;
				CLANG_WARN_COMMA = YES;
				CLANG_WARN_CONSTANT_CONVERSION = YES;
				CLANG_WARN_DEPRECATED_OBJC_IMPLEMENTATIONS = YES;
				CLANG_WARN_DIRECT_OBJC_ISA_USAGE = YES_ERROR;
				CLANG_WARN_DOCUMENTATION_COMMENTS = YES;
				CLANG_WARN_EMPTY_BODY = YES;
				CLANG_WARN_ENUM_CONVERSION = YES;
				CLANG_WARN_INFINITE_RECURSION = YES;
				CLANG_WARN_INT_CONVERSION = YES;
				CLANG_WARN_NON_LITERAL_NULL_CONVERSION = YES;
				CLANG_WARN_OBJC_IMPLICIT_RETAIN_SELF = YES;
				CLANG_WARN_OBJC_LITERAL_CONVERSION = YES;
				CLANG_WARN_OBJC_ROOT_CLASS = YES_ERROR;
				CLANG_WARN_RANGE_LOOP_ANALYSIS = YES;
				CLANG_WARN_STRICT_PROTOTYPES = YES;
				CLANG_WARN_SUSPICIOUS_MOVE = YES;
				CLANG_WARN_UNGUARDED_AVAILABILITY = YES_AGGRESSIVE;
				CLANG_WARN_UNREACHABLE_CODE = YES;
				CLANG_WARN__DUPLICATE_METHOD_MATCH = YES;
				COPY_PHASE_STRIP = NO;
				DEBUG_INFORMATION_FORMAT = "dwarf-with-dsym";
				ENABLE_NS_ASSERTIONS = NO;
				ENABLE_STRICT_OBJC_MSGSEND = YES;
				GCC_C_LANGUAGE_STANDARD = gnu11;
				GCC_NO_COMMON_BLOCKS = YES;
				GCC_WARN_64_TO_32_BIT_CONVERSION = YES;
				GCC_WARN_ABOUT_RETURN_TYPE = YES_ERROR;
				GCC_WARN_UNDECLARED_SELECTOR = YES;
				GCC_WARN_UNINITIALIZED_AUTOS = YES_AGGRESSIVE;
				GCC_WARN_UNUSED_FUNCTION = YES;
				GCC_WARN_UNUSED_VARIABLE = YES;
				IPHONEOS_DEPLOYMENT_TARGET = 13.2;
				MTL_ENABLE_DEBUG_INFO = NO;
				MTL_FAST_MATH = YES;
				SDKROOT = iphoneos;
				SWIFT_COMPILATION_MODE = wholemodule;
				SWIFT_OPTIMIZATION_LEVEL = "-O";
				VALIDATE_PRODUCT = YES;
			};
			name = Release;
		};
		97F39CAD24150066008D807B /* Debug */ = {
			isa = XCBuildConfiguration;
			buildSettings = {
				ASSETCATALOG_COMPILER_APPICON_NAME = AppIcon;
				CODE_SIGN_STYLE = Automatic;
				DEVELOPMENT_TEAM = WDRH34Y5Z9;
				INFOPLIST_FILE = AuthorizationApp/SupportingFiles/Info.plist;
				LD_RUNPATH_SEARCH_PATHS = (
					"$(inherited)",
					"@executable_path/Frameworks",
				);
				PRODUCT_BUNDLE_IDENTIFIER = edu.self.AuthorizationApp;
				PRODUCT_NAME = "$(TARGET_NAME)";
				SWIFT_VERSION = 5.0;
				TARGETED_DEVICE_FAMILY = "1,2";
			};
			name = Debug;
		};
		97F39CAE24150066008D807B /* Release */ = {
			isa = XCBuildConfiguration;
			buildSettings = {
				ASSETCATALOG_COMPILER_APPICON_NAME = AppIcon;
				CODE_SIGN_STYLE = Automatic;
				DEVELOPMENT_TEAM = WDRH34Y5Z9;
				INFOPLIST_FILE = AuthorizationApp/SupportingFiles/Info.plist;
				LD_RUNPATH_SEARCH_PATHS = (
					"$(inherited)",
					"@executable_path/Frameworks",
				);
				PRODUCT_BUNDLE_IDENTIFIER = edu.self.AuthorizationApp;
				PRODUCT_NAME = "$(TARGET_NAME)";
				SWIFT_VERSION = 5.0;
				TARGETED_DEVICE_FAMILY = "1,2";
			};
			name = Release;
		};
/* End XCBuildConfiguration section */

/* Begin XCConfigurationList section */
		97F39C9324150065008D807B /* Build configuration list for PBXProject "AuthorizationApp" */ = {
			isa = XCConfigurationList;
			buildConfigurations = (
				97F39CAA24150066008D807B /* Debug */,
				97F39CAB24150066008D807B /* Release */,
			);
			defaultConfigurationIsVisible = 0;
			defaultConfigurationName = Release;
		};
		97F39CAC24150066008D807B /* Build configuration list for PBXNativeTarget "AuthorizationApp" */ = {
			isa = XCConfigurationList;
			buildConfigurations = (
				97F39CAD24150066008D807B /* Debug */,
				97F39CAE24150066008D807B /* Release */,
			);
			defaultConfigurationIsVisible = 0;
			defaultConfigurationName = Release;
		};
/* End XCConfigurationList section */
	};
	rootObject = 97F39C9024150065008D807B /* Project object */;
}
